// !$*UTF8*$!
{
	archiveVersion = 1;
	classes = {
	};
	objectVersion = 46;
	objects = {

/* Begin PBXBuildFile section */
		0F8322EC16C60CA300ECFD45 /* logo transparant.png in Resources */ = {isa = PBXBuildFile; fileRef = 0F8322EB16C60CA300ECFD45 /* logo transparant.png */; };
		0F8322F016C60FCD00ECFD45 /* logo transparant copy2.png in Resources */ = {isa = PBXBuildFile; fileRef = 0F8322EF16C60FCD00ECFD45 /* logo transparant copy2.png */; };
		0F8322F216C6106800ECFD45 /* logo transparant copy.png in Resources */ = {isa = PBXBuildFile; fileRef = 0F8322F116C6106800ECFD45 /* logo transparant copy.png */; };
		0F8322F416C610C300ECFD45 /* logo transparant copy 3.png in Resources */ = {isa = PBXBuildFile; fileRef = 0F8322F316C610C300ECFD45 /* logo transparant copy 3.png */; };
		0FC2DFB316BC584D00DC7117 /* UIKit.framework in Frameworks */ = {isa = PBXBuildFile; fileRef = 0FC2DFB216BC584D00DC7117 /* UIKit.framework */; };
		0FC2DFB516BC584D00DC7117 /* Foundation.framework in Frameworks */ = {isa = PBXBuildFile; fileRef = 0FC2DFB416BC584D00DC7117 /* Foundation.framework */; };
		0FC2DFB716BC584D00DC7117 /* CoreGraphics.framework in Frameworks */ = {isa = PBXBuildFile; fileRef = 0FC2DFB616BC584D00DC7117 /* CoreGraphics.framework */; };
		0FC2DFBD16BC584D00DC7117 /* InfoPlist.strings in Resources */ = {isa = PBXBuildFile; fileRef = 0FC2DFBB16BC584D00DC7117 /* InfoPlist.strings */; };
		0FC2DFBF16BC584D00DC7117 /* main.m in Sources */ = {isa = PBXBuildFile; fileRef = 0FC2DFBE16BC584D00DC7117 /* main.m */; };
		0FC2DFC316BC584D00DC7117 /* MSAppDelegate.m in Sources */ = {isa = PBXBuildFile; fileRef = 0FC2DFC216BC584D00DC7117 /* MSAppDelegate.m */; };
		0FC2DFC516BC584D00DC7117 /* Default.png in Resources */ = {isa = PBXBuildFile; fileRef = 0FC2DFC416BC584D00DC7117 /* Default.png */; };
		0FC2DFC716BC584D00DC7117 /* Default@2x.png in Resources */ = {isa = PBXBuildFile; fileRef = 0FC2DFC616BC584D00DC7117 /* Default@2x.png */; };
		0FC2DFC916BC584D00DC7117 /* Default-568h@2x.png in Resources */ = {isa = PBXBuildFile; fileRef = 0FC2DFC816BC584D00DC7117 /* Default-568h@2x.png */; };
		0FC2DFDA16BC584D00DC7117 /* MSFirstViewController.xib in Resources */ = {isa = PBXBuildFile; fileRef = 0FC2DFD816BC584D00DC7117 /* MSFirstViewController.xib */; };
		0FC2DFE516BC8A5000DC7117 /* MSMatch.m in Sources */ = {isa = PBXBuildFile; fileRef = 0FC2DFE416BC8A5000DC7117 /* MSMatch.m */; };
		0FC2DFE816BC8AA000DC7117 /* MSPlayer.m in Sources */ = {isa = PBXBuildFile; fileRef = 0FC2DFE716BC8AA000DC7117 /* MSPlayer.m */; };
		0FC2DFEC16BCE7CD00DC7117 /* MSDetailViewController.m in Sources */ = {isa = PBXBuildFile; fileRef = 0FC2DFEA16BCE7CD00DC7117 /* MSDetailViewController.m */; };
		0FC2DFED16BCE7CD00DC7117 /* MSDetailViewController.xib in Resources */ = {isa = PBXBuildFile; fileRef = 0FC2DFEB16BCE7CD00DC7117 /* MSDetailViewController.xib */; };
		0FC2DFF116BCE85B00DC7117 /* MSViewController.m in Sources */ = {isa = PBXBuildFile; fileRef = 0FC2DFEF16BCE85B00DC7117 /* MSViewController.m */; };
		0FC2DFF216BCE85B00DC7117 /* MSViewController.xib in Resources */ = {isa = PBXBuildFile; fileRef = 0FC2DFF016BCE85B00DC7117 /* MSViewController.xib */; };
		0FC2DFF816BCEBC700DC7117 /* MSPlayerTableViewCell.xib in Resources */ = {isa = PBXBuildFile; fileRef = 0FC2DFF716BCEBC700DC7117 /* MSPlayerTableViewCell.xib */; };
		0FC2DFFC16BCEE7900DC7117 /* queen-of-pain.png in Resources */ = {isa = PBXBuildFile; fileRef = 0FC2DFFB16BCEE7900DC7117 /* queen-of-pain.png */; };
		0FD3E91716C0FEB3003821D3 /* queenofpain_sb.png in Resources */ = {isa = PBXBuildFile; fileRef = 0FD3E91416C0FEB3003821D3 /* queenofpain_sb.png */; };
		0FD3E91816C0FEB3003821D3 /* lina_sb.png in Resources */ = {isa = PBXBuildFile; fileRef = 0FD3E91516C0FEB3003821D3 /* lina_sb.png */; };
		0FD3E91916C0FEB3003821D3 /* chaos_knight_sb.png in Resources */ = {isa = PBXBuildFile; fileRef = 0FD3E91616C0FEB3003821D3 /* chaos_knight_sb.png */; };
		0FD3E92116C1011A003821D3 /* troll_warlord_sb.png in Resources */ = {isa = PBXBuildFile; fileRef = 0FD3E91A16C1011A003821D3 /* troll_warlord_sb.png */; };
		0FD3E92216C1011A003821D3 /* windrunner_sb.png in Resources */ = {isa = PBXBuildFile; fileRef = 0FD3E91B16C1011A003821D3 /* windrunner_sb.png */; };
		0FD3E92316C1011A003821D3 /* nevermore_sb.png in Resources */ = {isa = PBXBuildFile; fileRef = 0FD3E91C16C1011A003821D3 /* nevermore_sb.png */; };
		0FD3E92416C1011A003821D3 /* nyx_assassin_sb.png in Resources */ = {isa = PBXBuildFile; fileRef = 0FD3E91D16C1011A003821D3 /* nyx_assassin_sb.png */; };
		0FD3E92516C1011A003821D3 /* axe_sb.png in Resources */ = {isa = PBXBuildFile; fileRef = 0FD3E91E16C1011A003821D3 /* axe_sb.png */; };
		0FD3E92616C1011A003821D3 /* slardar_sb.png in Resources */ = {isa = PBXBuildFile; fileRef = 0FD3E91F16C1011A003821D3 /* slardar_sb.png */; };
		0FD3E92716C1011A003821D3 /* keeper_of_the_light_sb.png in Resources */ = {isa = PBXBuildFile; fileRef = 0FD3E92016C1011A003821D3 /* keeper_of_the_light_sb.png */; };
/* End PBXBuildFile section */

/* Begin PBXFileReference section */
		0F8322EB16C60CA300ECFD45 /* logo transparant.png */ = {isa = PBXFileReference; lastKnownFileType = image.png; path = "logo transparant.png"; sourceTree = "<group>"; };
		0F8322EF16C60FCD00ECFD45 /* logo transparant copy2.png */ = {isa = PBXFileReference; lastKnownFileType = image.png; path = "logo transparant copy2.png"; sourceTree = "<group>"; };
		0F8322F116C6106800ECFD45 /* logo transparant copy.png */ = {isa = PBXFileReference; lastKnownFileType = image.png; path = "logo transparant copy.png"; sourceTree = "<group>"; };
		0F8322F316C610C300ECFD45 /* logo transparant copy 3.png */ = {isa = PBXFileReference; lastKnownFileType = image.png; path = "logo transparant copy 3.png"; sourceTree = "<group>"; };
		0FC2DFAF16BC584D00DC7117 /* MatchStats.app */ = {isa = PBXFileReference; explicitFileType = wrapper.application; includeInIndex = 0; path = MatchStats.app; sourceTree = BUILT_PRODUCTS_DIR; };
		0FC2DFB216BC584D00DC7117 /* UIKit.framework */ = {isa = PBXFileReference; lastKnownFileType = wrapper.framework; name = UIKit.framework; path = System/Library/Frameworks/UIKit.framework; sourceTree = SDKROOT; };
		0FC2DFB416BC584D00DC7117 /* Foundation.framework */ = {isa = PBXFileReference; lastKnownFileType = wrapper.framework; name = Foundation.framework; path = System/Library/Frameworks/Foundation.framework; sourceTree = SDKROOT; };
		0FC2DFB616BC584D00DC7117 /* CoreGraphics.framework */ = {isa = PBXFileReference; lastKnownFileType = wrapper.framework; name = CoreGraphics.framework; path = System/Library/Frameworks/CoreGraphics.framework; sourceTree = SDKROOT; };
		0FC2DFBA16BC584D00DC7117 /* MatchStats-Info.plist */ = {isa = PBXFileReference; lastKnownFileType = text.plist.xml; path = "MatchStats-Info.plist"; sourceTree = "<group>"; };
		0FC2DFBC16BC584D00DC7117 /* en */ = {isa = PBXFileReference; lastKnownFileType = text.plist.strings; name = en; path = en.lproj/InfoPlist.strings; sourceTree = "<group>"; };
		0FC2DFBE16BC584D00DC7117 /* main.m */ = {isa = PBXFileReference; lastKnownFileType = sourcecode.c.objc; path = main.m; sourceTree = "<group>"; };
		0FC2DFC016BC584D00DC7117 /* MatchStats-Prefix.pch */ = {isa = PBXFileReference; lastKnownFileType = sourcecode.c.h; path = "MatchStats-Prefix.pch"; sourceTree = "<group>"; };
		0FC2DFC116BC584D00DC7117 /* MSAppDelegate.h */ = {isa = PBXFileReference; lastKnownFileType = sourcecode.c.h; path = MSAppDelegate.h; sourceTree = "<group>"; };
		0FC2DFC216BC584D00DC7117 /* MSAppDelegate.m */ = {isa = PBXFileReference; lastKnownFileType = sourcecode.c.objc; path = MSAppDelegate.m; sourceTree = "<group>"; };
		0FC2DFC416BC584D00DC7117 /* Default.png */ = {isa = PBXFileReference; lastKnownFileType = image.png; path = Default.png; sourceTree = "<group>"; };
		0FC2DFC616BC584D00DC7117 /* Default@2x.png */ = {isa = PBXFileReference; lastKnownFileType = image.png; path = "Default@2x.png"; sourceTree = "<group>"; };
		0FC2DFC816BC584D00DC7117 /* Default-568h@2x.png */ = {isa = PBXFileReference; lastKnownFileType = image.png; path = "Default-568h@2x.png"; sourceTree = "<group>"; };
		0FC2DFD916BC584D00DC7117 /* en */ = {isa = PBXFileReference; lastKnownFileType = file.xib; name = en; path = en.lproj/MSFirstViewController.xib; sourceTree = "<group>"; };
		0FC2DFE316BC8A4F00DC7117 /* MSMatch.h */ = {isa = PBXFileReference; fileEncoding = 4; lastKnownFileType = sourcecode.c.h; path = MSMatch.h; sourceTree = "<group>"; };
		0FC2DFE416BC8A5000DC7117 /* MSMatch.m */ = {isa = PBXFileReference; fileEncoding = 4; lastKnownFileType = sourcecode.c.objc; path = MSMatch.m; sourceTree = "<group>"; };
		0FC2DFE616BC8AA000DC7117 /* MSPlayer.h */ = {isa = PBXFileReference; fileEncoding = 4; lastKnownFileType = sourcecode.c.h; path = MSPlayer.h; sourceTree = "<group>"; };
		0FC2DFE716BC8AA000DC7117 /* MSPlayer.m */ = {isa = PBXFileReference; fileEncoding = 4; lastKnownFileType = sourcecode.c.objc; path = MSPlayer.m; sourceTree = "<group>"; };
		0FC2DFE916BCE7CD00DC7117 /* MSDetailViewController.h */ = {isa = PBXFileReference; fileEncoding = 4; lastKnownFileType = sourcecode.c.h; path = MSDetailViewController.h; sourceTree = "<group>"; };
		0FC2DFEA16BCE7CD00DC7117 /* MSDetailViewController.m */ = {isa = PBXFileReference; fileEncoding = 4; lastKnownFileType = sourcecode.c.objc; path = MSDetailViewController.m; sourceTree = "<group>"; };
		0FC2DFEB16BCE7CD00DC7117 /* MSDetailViewController.xib */ = {isa = PBXFileReference; fileEncoding = 4; lastKnownFileType = file.xib; path = MSDetailViewController.xib; sourceTree = "<group>"; };
		0FC2DFEE16BCE85B00DC7117 /* MSViewController.h */ = {isa = PBXFileReference; fileEncoding = 4; lastKnownFileType = sourcecode.c.h; path = MSViewController.h; sourceTree = "<group>"; };
		0FC2DFEF16BCE85B00DC7117 /* MSViewController.m */ = {isa = PBXFileReference; fileEncoding = 4; lastKnownFileType = sourcecode.c.objc; path = MSViewController.m; sourceTree = "<group>"; };
		0FC2DFF016BCE85B00DC7117 /* MSViewController.xib */ = {isa = PBXFileReference; fileEncoding = 4; lastKnownFileType = file.xib; path = MSViewController.xib; sourceTree = "<group>"; };
		0FC2DFF716BCEBC700DC7117 /* MSPlayerTableViewCell.xib */ = {isa = PBXFileReference; fileEncoding = 4; lastKnownFileType = file.xib; path = MSPlayerTableViewCell.xib; sourceTree = "<group>"; };
		0FC2DFFB16BCEE7900DC7117 /* queen-of-pain.png */ = {isa = PBXFileReference; lastKnownFileType = image.png; path = "queen-of-pain.png"; sourceTree = "<group>"; };
		0FD3E91416C0FEB3003821D3 /* queenofpain_sb.png */ = {isa = PBXFileReference; lastKnownFileType = image.png; path = queenofpain_sb.png; sourceTree = "<group>"; };
		0FD3E91516C0FEB3003821D3 /* lina_sb.png */ = {isa = PBXFileReference; lastKnownFileType = image.png; path = lina_sb.png; sourceTree = "<group>"; };
		0FD3E91616C0FEB3003821D3 /* chaos_knight_sb.png */ = {isa = PBXFileReference; lastKnownFileType = image.png; path = chaos_knight_sb.png; sourceTree = "<group>"; };
		0FD3E91A16C1011A003821D3 /* troll_warlord_sb.png */ = {isa = PBXFileReference; lastKnownFileType = image.png; path = troll_warlord_sb.png; sourceTree = "<group>"; };
		0FD3E91B16C1011A003821D3 /* windrunner_sb.png */ = {isa = PBXFileReference; lastKnownFileType = image.png; path = windrunner_sb.png; sourceTree = "<group>"; };
		0FD3E91C16C1011A003821D3 /* nevermore_sb.png */ = {isa = PBXFileReference; lastKnownFileType = image.png; path = nevermore_sb.png; sourceTree = "<group>"; };
		0FD3E91D16C1011A003821D3 /* nyx_assassin_sb.png */ = {isa = PBXFileReference; lastKnownFileType = image.png; path = nyx_assassin_sb.png; sourceTree = "<group>"; };
		0FD3E91E16C1011A003821D3 /* axe_sb.png */ = {isa = PBXFileReference; lastKnownFileType = image.png; path = axe_sb.png; sourceTree = "<group>"; };
		0FD3E91F16C1011A003821D3 /* slardar_sb.png */ = {isa = PBXFileReference; lastKnownFileType = image.png; path = slardar_sb.png; sourceTree = "<group>"; };
		0FD3E92016C1011A003821D3 /* keeper_of_the_light_sb.png */ = {isa = PBXFileReference; lastKnownFileType = image.png; path = keeper_of_the_light_sb.png; sourceTree = "<group>"; };
/* End PBXFileReference section */

/* Begin PBXFrameworksBuildPhase section */
		0FC2DFAC16BC584D00DC7117 /* Frameworks */ = {
			isa = PBXFrameworksBuildPhase;
			buildActionMask = 2147483647;
			files = (
				0FC2DFB316BC584D00DC7117 /* UIKit.framework in Frameworks */,
				0FC2DFB516BC584D00DC7117 /* Foundation.framework in Frameworks */,
				0FC2DFB716BC584D00DC7117 /* CoreGraphics.framework in Frameworks */,
			);
			runOnlyForDeploymentPostprocessing = 0;
		};
/* End PBXFrameworksBuildPhase section */

/* Begin PBXGroup section */
		0FC2DFA616BC584D00DC7117 = {
			isa = PBXGroup;
			children = (
				0FC2DFB816BC584D00DC7117 /* MatchStats */,
				0FC2DFB116BC584D00DC7117 /* Frameworks */,
				0FC2DFB016BC584D00DC7117 /* Products */,
			);
			sourceTree = "<group>";
		};
		0FC2DFB016BC584D00DC7117 /* Products */ = {
			isa = PBXGroup;
			children = (
				0FC2DFAF16BC584D00DC7117 /* MatchStats.app */,
			);
			name = Products;
			sourceTree = "<group>";
		};
		0FC2DFB116BC584D00DC7117 /* Frameworks */ = {
			isa = PBXGroup;
			children = (
				0FC2DFB216BC584D00DC7117 /* UIKit.framework */,
				0FC2DFB416BC584D00DC7117 /* Foundation.framework */,
				0FC2DFB616BC584D00DC7117 /* CoreGraphics.framework */,
			);
			name = Frameworks;
			sourceTree = "<group>";
		};
		0FC2DFB816BC584D00DC7117 /* MatchStats */ = {
			isa = PBXGroup;
			children = (
				0FC2DFF616BCE8AA00DC7117 /* Views and ViewControllers */,
				0FC2DFF516BCE89E00DC7117 /* Container Objects */,
				0FC2DFC116BC584D00DC7117 /* MSAppDelegate.h */,
				0FC2DFC216BC584D00DC7117 /* MSAppDelegate.m */,
				0FC2DFB916BC584D00DC7117 /* Supporting Files */,
			);
			path = MatchStats;
			sourceTree = "<group>";
		};
		0FC2DFB916BC584D00DC7117 /* Supporting Files */ = {
			isa = PBXGroup;
			children = (
				0FC2DFF416BCE88800DC7117 /* images */,
				0FC2DFBA16BC584D00DC7117 /* MatchStats-Info.plist */,
				0FC2DFBB16BC584D00DC7117 /* InfoPlist.strings */,
				0FC2DFBE16BC584D00DC7117 /* main.m */,
				0FC2DFC016BC584D00DC7117 /* MatchStats-Prefix.pch */,
				0FC2DFC416BC584D00DC7117 /* Default.png */,
				0FC2DFC616BC584D00DC7117 /* Default@2x.png */,
				0FC2DFC816BC584D00DC7117 /* Default-568h@2x.png */,
			);
			name = "Supporting Files";
			sourceTree = "<group>";
		};
		0FC2DFF316BCE87E00DC7117 /* XIB Files */ = {
			isa = PBXGroup;
			children = (
				0FC2DFD816BC584D00DC7117 /* MSFirstViewController.xib */,
				0FC2DFEB16BCE7CD00DC7117 /* MSDetailViewController.xib */,
				0FC2DFF016BCE85B00DC7117 /* MSViewController.xib */,
				0FC2DFF716BCEBC700DC7117 /* MSPlayerTableViewCell.xib */,
			);
			name = "XIB Files";
			sourceTree = "<group>";
		};
		0FC2DFF416BCE88800DC7117 /* images */ = {
			isa = PBXGroup;
			children = (
				0FC2DFFB16BCEE7900DC7117 /* queen-of-pain.png */,
				0FD3E91416C0FEB3003821D3 /* queenofpain_sb.png */,
				0F8322F116C6106800ECFD45 /* logo transparant copy.png */,
				0FD3E91A16C1011A003821D3 /* troll_warlord_sb.png */,
				0F8322F316C610C300ECFD45 /* logo transparant copy 3.png */,
				0F8322EB16C60CA300ECFD45 /* logo transparant.png */,
				0F8322EF16C60FCD00ECFD45 /* logo transparant copy2.png */,
				0FD3E91B16C1011A003821D3 /* windrunner_sb.png */,
				0FD3E91C16C1011A003821D3 /* nevermore_sb.png */,
				0FD3E91D16C1011A003821D3 /* nyx_assassin_sb.png */,
				0FD3E91E16C1011A003821D3 /* axe_sb.png */,
				0FD3E91F16C1011A003821D3 /* slardar_sb.png */,
				0FD3E92016C1011A003821D3 /* keeper_of_the_light_sb.png */,
				0FD3E91516C0FEB3003821D3 /* lina_sb.png */,
				0FD3E91616C0FEB3003821D3 /* chaos_knight_sb.png */,
			);
			name = images;
			sourceTree = "<group>";
		};
		0FC2DFF516BCE89E00DC7117 /* Container Objects */ = {
			isa = PBXGroup;
			children = (
				0FC2DFE316BC8A4F00DC7117 /* MSMatch.h */,
				0FC2DFE416BC8A5000DC7117 /* MSMatch.m */,
				0FC2DFE616BC8AA000DC7117 /* MSPlayer.h */,
				0FC2DFE716BC8AA000DC7117 /* MSPlayer.m */,
			);
			name = "Container Objects";
			sourceTree = "<group>";
		};
		0FC2DFF616BCE8AA00DC7117 /* Views and ViewControllers */ = {
			isa = PBXGroup;
			children = (
				0FC2DFF316BCE87E00DC7117 /* XIB Files */,
				0FC2DFE916BCE7CD00DC7117 /* MSDetailViewController.h */,
				0FC2DFEA16BCE7CD00DC7117 /* MSDetailViewController.m */,
				0FC2DFEE16BCE85B00DC7117 /* MSViewController.h */,
				0FC2DFEF16BCE85B00DC7117 /* MSViewController.m */,
			);
			name = "Views and ViewControllers";
			sourceTree = "<group>";
		};
/* End PBXGroup section */

/* Begin PBXNativeTarget section */
		0FC2DFAE16BC584D00DC7117 /* MatchStats */ = {
			isa = PBXNativeTarget;
			buildConfigurationList = 0FC2DFE016BC584D00DC7117 /* Build configuration list for PBXNativeTarget "MatchStats" */;
			buildPhases = (
				0FC2DFAB16BC584D00DC7117 /* Sources */,
				0FC2DFAC16BC584D00DC7117 /* Frameworks */,
				0FC2DFAD16BC584D00DC7117 /* Resources */,
			);
			buildRules = (
			);
			dependencies = (
			);
			name = MatchStats;
			productName = MatchStats;
			productReference = 0FC2DFAF16BC584D00DC7117 /* MatchStats.app */;
			productType = "com.apple.product-type.application";
		};
/* End PBXNativeTarget section */

/* Begin PBXProject section */
		0FC2DFA716BC584D00DC7117 /* Project object */ = {
			isa = PBXProject;
			attributes = {
				CLASSPREFIX = MS;
				LastUpgradeCheck = 0460;
				ORGANIZATIONNAME = "Jeff Wang";
			};
			buildConfigurationList = 0FC2DFAA16BC584D00DC7117 /* Build configuration list for PBXProject "MatchStats" */;
			compatibilityVersion = "Xcode 3.2";
			developmentRegion = English;
			hasScannedForEncodings = 0;
			knownRegions = (
				en,
			);
			mainGroup = 0FC2DFA616BC584D00DC7117;
			productRefGroup = 0FC2DFB016BC584D00DC7117 /* Products */;
			projectDirPath = "";
			projectRoot = "";
			targets = (
				0FC2DFAE16BC584D00DC7117 /* MatchStats */,
			);
		};
/* End PBXProject section */

/* Begin PBXResourcesBuildPhase section */
		0FC2DFAD16BC584D00DC7117 /* Resources */ = {
			isa = PBXResourcesBuildPhase;
			buildActionMask = 2147483647;
			files = (
				0FC2DFBD16BC584D00DC7117 /* InfoPlist.strings in Resources */,
				0FC2DFC516BC584D00DC7117 /* Default.png in Resources */,
				0FC2DFC716BC584D00DC7117 /* Default@2x.png in Resources */,
				0FC2DFC916BC584D00DC7117 /* Default-568h@2x.png in Resources */,
				0FC2DFDA16BC584D00DC7117 /* MSFirstViewController.xib in Resources */,
				0FC2DFED16BCE7CD00DC7117 /* MSDetailViewController.xib in Resources */,
				0FC2DFF216BCE85B00DC7117 /* MSViewController.xib in Resources */,
				0FC2DFF816BCEBC700DC7117 /* MSPlayerTableViewCell.xib in Resources */,
				0FC2DFFC16BCEE7900DC7117 /* queen-of-pain.png in Resources */,
				0FD3E91716C0FEB3003821D3 /* queenofpain_sb.png in Resources */,
				0FD3E91816C0FEB3003821D3 /* lina_sb.png in Resources */,
				0FD3E91916C0FEB3003821D3 /* chaos_knight_sb.png in Resources */,
				0FD3E92116C1011A003821D3 /* troll_warlord_sb.png in Resources */,
				0FD3E92216C1011A003821D3 /* windrunner_sb.png in Resources */,
				0FD3E92316C1011A003821D3 /* nevermore_sb.png in Resources */,
				0FD3E92416C1011A003821D3 /* nyx_assassin_sb.png in Resources */,
				0FD3E92516C1011A003821D3 /* axe_sb.png in Resources */,
				0FD3E92616C1011A003821D3 /* slardar_sb.png in Resources */,
				0FD3E92716C1011A003821D3 /* keeper_of_the_light_sb.png in Resources */,
				0F8322EC16C60CA300ECFD45 /* logo transparant.png in Resources */,
				0F8322F016C60FCD00ECFD45 /* logo transparant copy2.png in Resources */,
				0F8322F216C6106800ECFD45 /* logo transparant copy.png in Resources */,
				0F8322F416C610C300ECFD45 /* logo transparant copy 3.png in Resources */,
			);
			runOnlyForDeploymentPostprocessing = 0;
		};
/* End PBXResourcesBuildPhase section */

/* Begin PBXSourcesBuildPhase section */
		0FC2DFAB16BC584D00DC7117 /* Sources */ = {
			isa = PBXSourcesBuildPhase;
			buildActionMask = 2147483647;
			files = (
				0FC2DFBF16BC584D00DC7117 /* main.m in Sources */,
				0FC2DFC316BC584D00DC7117 /* MSAppDelegate.m in Sources */,
				0FC2DFE516BC8A5000DC7117 /* MSMatch.m in Sources */,
				0FC2DFE816BC8AA000DC7117 /* MSPlayer.m in Sources */,
				0FC2DFEC16BCE7CD00DC7117 /* MSDetailViewController.m in Sources */,
				0FC2DFF116BCE85B00DC7117 /* MSViewController.m in Sources */,
			);
			runOnlyForDeploymentPostprocessing = 0;
		};
/* End PBXSourcesBuildPhase section */

/* Begin PBXVariantGroup section */
		0FC2DFBB16BC584D00DC7117 /* InfoPlist.strings */ = {
			isa = PBXVariantGroup;
			children = (
				0FC2DFBC16BC584D00DC7117 /* en */,
			);
			name = InfoPlist.strings;
			sourceTree = "<group>";
		};
		0FC2DFD816BC584D00DC7117 /* MSFirstViewController.xib */ = {
			isa = PBXVariantGroup;
			children = (
				0FC2DFD916BC584D00DC7117 /* en */,
			);
			name = MSFirstViewController.xib;
			sourceTree = "<group>";
		};
/* End PBXVariantGroup section */

/* Begin XCBuildConfiguration section */
		0FC2DFDE16BC584D00DC7117 /* Debug */ = {
			isa = XCBuildConfiguration;
			buildSettings = {
				ALWAYS_SEARCH_USER_PATHS = NO;
				CLANG_CXX_LANGUAGE_STANDARD = "gnu++0x";
				CLANG_CXX_LIBRARY = "libc++";
				CLANG_ENABLE_OBJC_ARC = YES;
				CLANG_WARN_CONSTANT_CONVERSION = YES;
				CLANG_WARN_EMPTY_BODY = YES;
				CLANG_WARN_ENUM_CONVERSION = YES;
				CLANG_WARN_INT_CONVERSION = YES;
				CLANG_WARN__DUPLICATE_METHOD_MATCH = YES;
				"CODE_SIGN_IDENTITY[sdk=iphoneos*]" = "iPhone Developer";
				COPY_PHASE_STRIP = NO;
				GCC_C_LANGUAGE_STANDARD = gnu99;
				GCC_DYNAMIC_NO_PIC = NO;
				GCC_OPTIMIZATION_LEVEL = 0;
				GCC_PREPROCESSOR_DEFINITIONS = (
					"DEBUG=1",
					"$(inherited)",
				);
				GCC_SYMBOLS_PRIVATE_EXTERN = NO;
				GCC_WARN_ABOUT_RETURN_TYPE = YES;
				GCC_WARN_UNINITIALIZED_AUTOS = YES;
				GCC_WARN_UNUSED_VARIABLE = YES;
				IPHONEOS_DEPLOYMENT_TARGET = 6.1;
				ONLY_ACTIVE_ARCH = YES;
				SDKROOT = iphoneos;
			};
			name = Debug;
		};
		0FC2DFDF16BC584D00DC7117 /* Release */ = {
			isa = XCBuildConfiguration;
			buildSettings = {
				ALWAYS_SEARCH_USER_PATHS = NO;
				CLANG_CXX_LANGUAGE_STANDARD = "gnu++0x";
				CLANG_CXX_LIBRARY = "libc++";
				CLANG_ENABLE_OBJC_ARC = YES;
				CLANG_WARN_CONSTANT_CONVERSION = YES;
				CLANG_WARN_EMPTY_BODY = YES;
				CLANG_WARN_ENUM_CONVERSION = YES;
				CLANG_WARN_INT_CONVERSION = YES;
				CLANG_WARN__DUPLICATE_METHOD_MATCH = YES;
				"CODE_SIGN_IDENTITY[sdk=iphoneos*]" = "iPhone Developer";
				COPY_PHASE_STRIP = YES;
				GCC_C_LANGUAGE_STANDARD = gnu99;
				GCC_WARN_ABOUT_RETURN_TYPE = YES;
				GCC_WARN_UNINITIALIZED_AUTOS = YES;
				GCC_WARN_UNUSED_VARIABLE = YES;
				IPHONEOS_DEPLOYMENT_TARGET = 6.1;
				OTHER_CFLAGS = "-DNS_BLOCK_ASSERTIONS=1";
				SDKROOT = iphoneos;
				VALIDATE_PRODUCT = YES;
			};
			name = Release;
		};
		0FC2DFE116BC584D00DC7117 /* Debug */ = {
			isa = XCBuildConfiguration;
			buildSettings = {
				GCC_PRECOMPILE_PREFIX_HEADER = YES;
				GCC_PREFIX_HEADER = "MatchStats/MatchStats-Prefix.pch";
				INFOPLIST_FILE = "MatchStats/MatchStats-Info.plist";
				PRODUCT_NAME = "$(TARGET_NAME)";
				WRAPPER_EXTENSION = app;
			};
			name = Debug;
		};
		0FC2DFE216BC584D00DC7117 /* Release */ = {
			isa = XCBuildConfiguration;
			buildSettings = {
				GCC_PRECOMPILE_PREFIX_HEADER = YES;
				GCC_PREFIX_HEADER = "MatchStats/MatchStats-Prefix.pch";
				INFOPLIST_FILE = "MatchStats/MatchStats-Info.plist";
				PRODUCT_NAME = "$(TARGET_NAME)";
				WRAPPER_EXTENSION = app;
			};
			name = Release;
		};
/* End XCBuildConfiguration section */

/* Begin XCConfigurationList section */
		0FC2DFAA16BC584D00DC7117 /* Build configuration list for PBXProject "MatchStats" */ = {
			isa = XCConfigurationList;
			buildConfigurations = (
				0FC2DFDE16BC584D00DC7117 /* Debug */,
				0FC2DFDF16BC584D00DC7117 /* Release */,
			);
			defaultConfigurationIsVisible = 0;
			defaultConfigurationName = Release;
		};
		0FC2DFE016BC584D00DC7117 /* Build configuration list for PBXNativeTarget "MatchStats" */ = {
			isa = XCConfigurationList;
			buildConfigurations = (
				0FC2DFE116BC584D00DC7117 /* Debug */,
				0FC2DFE216BC584D00DC7117 /* Release */,
			);
			defaultConfigurationIsVisible = 0;
			defaultConfigurationName = Release;
		};
/* End XCConfigurationList section */
	};
	rootObject = 0FC2DFA716BC584D00DC7117 /* Project object */;
}
